
Microsoft Visual Studio Solution File, Format Version 12.00
# Visual Studio 15
VisualStudioVersion = 15.0.28307.1500
MinimumVisualStudioVersion = 10.0.40219.1
Project("{FAE04EC0-301F-11D3-BF4B-00C04F79EFBC}") = "bai62", "bai62\bai62.csproj", "{95072EA6-95BC-45DD-8869-864D74416A06}"
EndProject
Global
	GlobalSection(SolutionConfigurationPlatforms) = preSolution
		Debug|Any CPU = Debug|Any CPU
		Release|Any CPU = Release|Any CPU
	EndGlobalSection
	GlobalSection(ProjectConfigurationPlatforms) = postSolution
		{95072EA6-95BC-45DD-8869-864D74416A06}.Debug|Any CPU.ActiveCfg = Debug|Any CPU
		{95072EA6-95BC-45DD-8869-864D74416A06}.Debug|Any CPU.Build.0 = Debug|Any CPU
		{95072EA6-95BC-45DD-8869-864D74416A06}.Release|Any CPU.ActiveCfg = Release|Any CPU
		{95072EA6-95BC-45DD-8869-864D74416A06}.Release|Any CPU.Build.0 = Release|Any CPU
	EndGlobalSection
	GlobalSection(SolutionProperties) = preSolution
		HideSolutionNode = FALSE
	EndGlobalSection
	GlobalSection(ExtensibilityGlobals) = postSolution
		SolutionGuid = {28A5B990-EA18-457C-A074-935374B0B49A}
	EndGlobalSection
EndGlobal
